
Microsoft Visual Studio Solution File, Format Version 12.00
# Visual Studio Version 16
VisualStudioVersion = 16.0.30320.27
MinimumVisualStudioVersion = 10.0.40219.1
Project("{9A19103F-16F7-4668-BE54-9A1E7A4F7556}") = "AgicapCars", "AgicapCars.csproj", "{84918381-5D00-4502-BA31-ADE99F8E06A9}"
EndProject
Project("{FAE04EC0-301F-11D3-BF4B-00C04F79EFBC}") = "ServiceProvider", "..\ServiceProvider\ServiceProvider.csproj", "{EB6E0665-971D-4DC7-8208-E8B786ACF366}"
EndProject
Project("{FAE04EC0-301F-11D3-BF4B-00C04F79EFBC}") = "DataProvider", "..\DataProvider\DataProvider.csproj", "{9DF82C81-B304-41E4-BA5F-67AF96D8CC40}"
EndProject
Global
	GlobalSection(SolutionConfigurationPlatforms) = preSolution
		Debug|Any CPU = Debug|Any CPU
		Release|Any CPU = Release|Any CPU
	EndGlobalSection
	GlobalSection(ProjectConfigurationPlatforms) = postSolution
		{84918381-5D00-4502-BA31-ADE99F8E06A9}.Debug|Any CPU.ActiveCfg = Debug|Any CPU
		{84918381-5D00-4502-BA31-ADE99F8E06A9}.Debug|Any CPU.Build.0 = Debug|Any CPU
		{84918381-5D00-4502-BA31-ADE99F8E06A9}.Release|Any CPU.ActiveCfg = Release|Any CPU
		{84918381-5D00-4502-BA31-ADE99F8E06A9}.Release|Any CPU.Build.0 = Release|Any CPU
		{EB6E0665-971D-4DC7-8208-E8B786ACF366}.Debug|Any CPU.ActiveCfg = Debug|Any CPU
		{EB6E0665-971D-4DC7-8208-E8B786ACF366}.Debug|Any CPU.Build.0 = Debug|Any CPU
		{EB6E0665-971D-4DC7-8208-E8B786ACF366}.Release|Any CPU.ActiveCfg = Release|Any CPU
		{EB6E0665-971D-4DC7-8208-E8B786ACF366}.Release|Any CPU.Build.0 = Release|Any CPU
		{9DF82C81-B304-41E4-BA5F-67AF96D8CC40}.Debug|Any CPU.ActiveCfg = Debug|Any CPU
		{9DF82C81-B304-41E4-BA5F-67AF96D8CC40}.Debug|Any CPU.Build.0 = Debug|Any CPU
		{9DF82C81-B304-41E4-BA5F-67AF96D8CC40}.Release|Any CPU.ActiveCfg = Release|Any CPU
		{9DF82C81-B304-41E4-BA5F-67AF96D8CC40}.Release|Any CPU.Build.0 = Release|Any CPU
	EndGlobalSection
	GlobalSection(SolutionProperties) = preSolution
		HideSolutionNode = FALSE
	EndGlobalSection
	GlobalSection(ExtensibilityGlobals) = postSolution
		SolutionGuid = {94D3D391-0465-4C46-A84A-8B2AF01056C4}
	EndGlobalSection
EndGlobal
